# This file is autogenerated, do not edit; changes may be undone by the next 'dep ensure'.


[[projects]]
  branch = "master"
  name = "github.com/Clever/marathon-stats"
  packages = ["marathon","mesos"]
  revision = "2c4c6793a009a40aef480e34651eaad459d419a5"

[[projects]]
  name = "github.com/getsentry/raven-go"
  packages = ["."]
  revision = "1cc47a9463b90f246a0503d4c2e9a55c9459ced3"

[[projects]]
  name = "gopkg.in/Clever/kayvee-go.v2"
  packages = [".","logger"]
  revision = "8a687354073541f8b1593b6cd1061eb56e2077ee"
  version = "v2.3.0"

[solve-meta]
  analyzer-name = "dep"
  analyzer-version = 1
  inputs-digest = "7a6caed705b52e32f55aec239ee7cf1e46488ce85f2b815e79c51aef79379ed0"
  solver-name = "gps-cdcl"
  solver-version = 1
